
Microsoft Visual Studio Solution File, Format Version 12.00
# Visual Studio 15
VisualStudioVersion = 15.0.28307.136
MinimumVisualStudioVersion = 10.0.40219.1
Project("{FAE04EC0-301F-11D3-BF4B-00C04F79EFBC}") = "HebrewTexts.API", "HebrewTexts.API\HebrewTexts.API.csproj", "{F3B42336-2BBB-4F47-A23C-6AAEAF946B26}"
EndProject
Project("{FAE04EC0-301F-11D3-BF4B-00C04F79EFBC}") = "HebrewTexts.DAL", "HebrewTexts.DAL\HebrewTexts.DAL.csproj", "{33E31E65-10D2-4B41-AC97-A961AA78447A}"
EndProject
Project("{FAE04EC0-301F-11D3-BF4B-00C04F79EFBC}") = "HebrewTexts.Logic", "HebrewTexts.Logic\HebrewTexts.Logic.csproj", "{3873BB56-104C-49D3-90CA-94A4BA4438A2}"
EndProject
Project("{FAE04EC0-301F-11D3-BF4B-00C04F79EFBC}") = "HebrewTexts.Import", "HebrewTexts.Import\HebrewTexts.Import.csproj", "{0674F3C6-5CF3-4C1B-816A-25A6A5EA442B}"
EndProject
Project("{FAE04EC0-301F-11D3-BF4B-00C04F79EFBC}") = "HebrewTexts.Import.Tests", "HebrewTexts.Import.Tests\HebrewTexts.Import.Tests.csproj", "{5F48CB08-85A5-402F-8B98-F467FFB0B1CD}"
EndProject
Project("{FAE04EC0-301F-11D3-BF4B-00C04F79EFBC}") = "HebrewTexts.Cleansing", "HebrewTexts.Cleansing\HebrewTexts.Cleansing.csproj", "{BA71B391-AA71-4A5A-94E2-2CBCFE937AB3}"
EndProject
Project("{FAE04EC0-301F-11D3-BF4B-00C04F79EFBC}") = "HebrewTexts.DAL.Tests", "HebrewTexts.DAL.Tests\HebrewTexts.DAL.Tests.csproj", "{A1D12D37-20D7-4A03-BFAB-34F786644275}"
EndProject
Project("{FAE04EC0-301F-11D3-BF4B-00C04F79EFBC}") = "HebrewTexts.Cleansing.Tests", "HebrewTexts.Cleansing.Tests\HebrewTexts.Cleansing.Tests.csproj", "{E27304BB-BB53-4BAA-9FF5-DC930AC0EB4F}"
EndProject
Project("{FAE04EC0-301F-11D3-BF4B-00C04F79EFBC}") = "HebrewTexts.Logic.Tests", "HebrewTexts.Logic.Tests\HebrewTexts.Logic.Tests.csproj", "{FEC23661-D397-45FF-9A0B-1A891CAE80F9}"
EndProject
Project("{FAE04EC0-301F-11D3-BF4B-00C04F79EFBC}") = "MatarahExtensions", "..\..\Utilities\MatarahExtensions\MatarahExtensions\MatarahExtensions.csproj", "{B84B8E9A-6B20-4154-87AB-1108C90ACFB3}"
EndProject
Project("{FAE04EC0-301F-11D3-BF4B-00C04F79EFBC}") = "SQL.GeneralSQLHelper", "..\..\Utilities\SQL.GeneralSQLHelper\SQL.GeneralSQLHelper.csproj", "{A27D8942-2090-4378-A9FF-F3B0DBD10976}"
EndProject
Project("{FAE04EC0-301F-11D3-BF4B-00C04F79EFBC}") = "IntelligentListBuilder.Core", "..\..\IntelligentListBuilder\IntelligentListBuilder.Core\IntelligentListBuilder.Core.csproj", "{7EF7E286-A216-444C-B5AD-924F40329F01}"
EndProject
Project("{FAE04EC0-301F-11D3-BF4B-00C04F79EFBC}") = "IntelligentListBuilder.Interop", "..\..\IntelligentListBuilder\IntelligentListBuilder.Interop\IntelligentListBuilder.Interop.csproj", "{E218325A-EC9A-482D-ADAD-4CDECEF4C64C}"
EndProject
Global
	GlobalSection(SolutionConfigurationPlatforms) = preSolution
		Debug|Any CPU = Debug|Any CPU
		Debug|x64 = Debug|x64
		Debug|x86 = Debug|x86
		PeleYoetz|Any CPU = PeleYoetz|Any CPU
		PeleYoetz|x64 = PeleYoetz|x64
		PeleYoetz|x86 = PeleYoetz|x86
		Release|Any CPU = Release|Any CPU
		Release|x64 = Release|x64
		Release|x86 = Release|x86
	EndGlobalSection
	GlobalSection(ProjectConfigurationPlatforms) = postSolution
		{F3B42336-2BBB-4F47-A23C-6AAEAF946B26}.Debug|Any CPU.ActiveCfg = Debug|Any CPU
		{F3B42336-2BBB-4F47-A23C-6AAEAF946B26}.Debug|Any CPU.Build.0 = Debug|Any CPU
		{F3B42336-2BBB-4F47-A23C-6AAEAF946B26}.Debug|x64.ActiveCfg = Debug|Any CPU
		{F3B42336-2BBB-4F47-A23C-6AAEAF946B26}.Debug|x64.Build.0 = Debug|Any CPU
		{F3B42336-2BBB-4F47-A23C-6AAEAF946B26}.Debug|x86.ActiveCfg = Debug|Any CPU
		{F3B42336-2BBB-4F47-A23C-6AAEAF946B26}.Debug|x86.Build.0 = Debug|Any CPU
		{F3B42336-2BBB-4F47-A23C-6AAEAF946B26}.PeleYoetz|Any CPU.ActiveCfg = Release|Any CPU
		{F3B42336-2BBB-4F47-A23C-6AAEAF946B26}.PeleYoetz|Any CPU.Build.0 = Release|Any CPU
		{F3B42336-2BBB-4F47-A23C-6AAEAF946B26}.PeleYoetz|x64.ActiveCfg = Release|Any CPU
		{F3B42336-2BBB-4F47-A23C-6AAEAF946B26}.PeleYoetz|x64.Build.0 = Release|Any CPU
		{F3B42336-2BBB-4F47-A23C-6AAEAF946B26}.PeleYoetz|x86.ActiveCfg = Release|Any CPU
		{F3B42336-2BBB-4F47-A23C-6AAEAF946B26}.PeleYoetz|x86.Build.0 = Release|Any CPU
		{F3B42336-2BBB-4F47-A23C-6AAEAF946B26}.Release|Any CPU.ActiveCfg = Release|Any CPU
		{F3B42336-2BBB-4F47-A23C-6AAEAF946B26}.Release|Any CPU.Build.0 = Release|Any CPU
		{F3B42336-2BBB-4F47-A23C-6AAEAF946B26}.Release|x64.ActiveCfg = Release|Any CPU
		{F3B42336-2BBB-4F47-A23C-6AAEAF946B26}.Release|x64.Build.0 = Release|Any CPU
		{F3B42336-2BBB-4F47-A23C-6AAEAF946B26}.Release|x86.ActiveCfg = Release|Any CPU
		{F3B42336-2BBB-4F47-A23C-6AAEAF946B26}.Release|x86.Build.0 = Release|Any CPU
		{33E31E65-10D2-4B41-AC97-A961AA78447A}.Debug|Any CPU.ActiveCfg = Debug|Any CPU
		{33E31E65-10D2-4B41-AC97-A961AA78447A}.Debug|Any CPU.Build.0 = Debug|Any CPU
		{33E31E65-10D2-4B41-AC97-A961AA78447A}.Debug|x64.ActiveCfg = Debug|Any CPU
		{33E31E65-10D2-4B41-AC97-A961AA78447A}.Debug|x64.Build.0 = Debug|Any CPU
		{33E31E65-10D2-4B41-AC97-A961AA78447A}.Debug|x86.ActiveCfg = Debug|Any CPU
		{33E31E65-10D2-4B41-AC97-A961AA78447A}.Debug|x86.Build.0 = Debug|Any CPU
		{33E31E65-10D2-4B41-AC97-A961AA78447A}.PeleYoetz|Any CPU.ActiveCfg = Release|Any CPU
		{33E31E65-10D2-4B41-AC97-A961AA78447A}.PeleYoetz|Any CPU.Build.0 = Release|Any CPU
		{33E31E65-10D2-4B41-AC97-A961AA78447A}.PeleYoetz|x64.ActiveCfg = Release|Any CPU
		{33E31E65-10D2-4B41-AC97-A961AA78447A}.PeleYoetz|x64.Build.0 = Release|Any CPU
		{33E31E65-10D2-4B41-AC97-A961AA78447A}.PeleYoetz|x86.ActiveCfg = Release|Any CPU
		{33E31E65-10D2-4B41-AC97-A961AA78447A}.PeleYoetz|x86.Build.0 = Release|Any CPU
		{33E31E65-10D2-4B41-AC97-A961AA78447A}.Release|Any CPU.ActiveCfg = Release|Any CPU
		{33E31E65-10D2-4B41-AC97-A961AA78447A}.Release|Any CPU.Build.0 = Release|Any CPU
		{33E31E65-10D2-4B41-AC97-A961AA78447A}.Release|x64.ActiveCfg = Release|Any CPU
		{33E31E65-10D2-4B41-AC97-A961AA78447A}.Release|x64.Build.0 = Release|Any CPU
		{33E31E65-10D2-4B41-AC97-A961AA78447A}.Release|x86.ActiveCfg = Release|Any CPU
		{33E31E65-10D2-4B41-AC97-A961AA78447A}.Release|x86.Build.0 = Release|Any CPU
		{3873BB56-104C-49D3-90CA-94A4BA4438A2}.Debug|Any CPU.ActiveCfg = Debug|Any CPU
		{3873BB56-104C-49D3-90CA-94A4BA4438A2}.Debug|Any CPU.Build.0 = Debug|Any CPU
		{3873BB56-104C-49D3-90CA-94A4BA4438A2}.Debug|x64.ActiveCfg = Debug|Any CPU
		{3873BB56-104C-49D3-90CA-94A4BA4438A2}.Debug|x64.Build.0 = Debug|Any CPU
		{3873BB56-104C-49D3-90CA-94A4BA4438A2}.Debug|x86.ActiveCfg = Debug|Any CPU
		{3873BB56-104C-49D3-90CA-94A4BA4438A2}.Debug|x86.Build.0 = Debug|Any CPU
		{3873BB56-104C-49D3-90CA-94A4BA4438A2}.PeleYoetz|Any CPU.ActiveCfg = Release|Any CPU
		{3873BB56-104C-49D3-90CA-94A4BA4438A2}.PeleYoetz|Any CPU.Build.0 = Release|Any CPU
		{3873BB56-104C-49D3-90CA-94A4BA4438A2}.PeleYoetz|x64.ActiveCfg = Release|Any CPU
		{3873BB56-104C-49D3-90CA-94A4BA4438A2}.PeleYoetz|x64.Build.0 = Release|Any CPU
		{3873BB56-104C-49D3-90CA-94A4BA4438A2}.PeleYoetz|x86.ActiveCfg = Release|Any CPU
		{3873BB56-104C-49D3-90CA-94A4BA4438A2}.PeleYoetz|x86.Build.0 = Release|Any CPU
		{3873BB56-104C-49D3-90CA-94A4BA4438A2}.Release|Any CPU.ActiveCfg = Release|Any CPU
		{3873BB56-104C-49D3-90CA-94A4BA4438A2}.Release|Any CPU.Build.0 = Release|Any CPU
		{3873BB56-104C-49D3-90CA-94A4BA4438A2}.Release|x64.ActiveCfg = Release|Any CPU
		{3873BB56-104C-49D3-90CA-94A4BA4438A2}.Release|x64.Build.0 = Release|Any CPU
		{3873BB56-104C-49D3-90CA-94A4BA4438A2}.Release|x86.ActiveCfg = Release|Any CPU
		{3873BB56-104C-49D3-90CA-94A4BA4438A2}.Release|x86.Build.0 = Release|Any CPU
		{0674F3C6-5CF3-4C1B-816A-25A6A5EA442B}.Debug|Any CPU.ActiveCfg = Debug|Any CPU
		{0674F3C6-5CF3-4C1B-816A-25A6A5EA442B}.Debug|Any CPU.Build.0 = Debug|Any CPU
		{0674F3C6-5CF3-4C1B-816A-25A6A5EA442B}.Debug|x64.ActiveCfg = Debug|Any CPU
		{0674F3C6-5CF3-4C1B-816A-25A6A5EA442B}.Debug|x64.Build.0 = Debug|Any CPU
		{0674F3C6-5CF3-4C1B-816A-25A6A5EA442B}.Debug|x86.ActiveCfg = Debug|Any CPU
		{0674F3C6-5CF3-4C1B-816A-25A6A5EA442B}.Debug|x86.Build.0 = Debug|Any CPU
		{0674F3C6-5CF3-4C1B-816A-25A6A5EA442B}.PeleYoetz|Any CPU.ActiveCfg = Release|Any CPU
		{0674F3C6-5CF3-4C1B-816A-25A6A5EA442B}.PeleYoetz|Any CPU.Build.0 = Release|Any CPU
		{0674F3C6-5CF3-4C1B-816A-25A6A5EA442B}.PeleYoetz|x64.ActiveCfg = Release|Any CPU
		{0674F3C6-5CF3-4C1B-816A-25A6A5EA442B}.PeleYoetz|x64.Build.0 = Release|Any CPU
		{0674F3C6-5CF3-4C1B-816A-25A6A5EA442B}.PeleYoetz|x86.ActiveCfg = Release|Any CPU
		{0674F3C6-5CF3-4C1B-816A-25A6A5EA442B}.PeleYoetz|x86.Build.0 = Release|Any CPU
		{0674F3C6-5CF3-4C1B-816A-25A6A5EA442B}.Release|Any CPU.ActiveCfg = Release|Any CPU
		{0674F3C6-5CF3-4C1B-816A-25A6A5EA442B}.Release|Any CPU.Build.0 = Release|Any CPU
		{0674F3C6-5CF3-4C1B-816A-25A6A5EA442B}.Release|x64.ActiveCfg = Release|Any CPU
		{0674F3C6-5CF3-4C1B-816A-25A6A5EA442B}.Release|x64.Build.0 = Release|Any CPU
		{0674F3C6-5CF3-4C1B-816A-25A6A5EA442B}.Release|x86.ActiveCfg = Release|Any CPU
		{0674F3C6-5CF3-4C1B-816A-25A6A5EA442B}.Release|x86.Build.0 = Release|Any CPU
		{5F48CB08-85A5-402F-8B98-F467FFB0B1CD}.Debug|Any CPU.ActiveCfg = Debug|Any CPU
		{5F48CB08-85A5-402F-8B98-F467FFB0B1CD}.Debug|Any CPU.Build.0 = Debug|Any CPU
		{5F48CB08-85A5-402F-8B98-F467FFB0B1CD}.Debug|x64.ActiveCfg = Debug|Any CPU
		{5F48CB08-85A5-402F-8B98-F467FFB0B1CD}.Debug|x64.Build.0 = Debug|Any CPU
		{5F48CB08-85A5-402F-8B98-F467FFB0B1CD}.Debug|x86.ActiveCfg = Debug|Any CPU
		{5F48CB08-85A5-402F-8B98-F467FFB0B1CD}.Debug|x86.Build.0 = Debug|Any CPU
		{5F48CB08-85A5-402F-8B98-F467FFB0B1CD}.PeleYoetz|Any CPU.ActiveCfg = Release|Any CPU
		{5F48CB08-85A5-402F-8B98-F467FFB0B1CD}.PeleYoetz|Any CPU.Build.0 = Release|Any CPU
		{5F48CB08-85A5-402F-8B98-F467FFB0B1CD}.PeleYoetz|x64.ActiveCfg = Release|Any CPU
		{5F48CB08-85A5-402F-8B98-F467FFB0B1CD}.PeleYoetz|x64.Build.0 = Release|Any CPU
		{5F48CB08-85A5-402F-8B98-F467FFB0B1CD}.PeleYoetz|x86.ActiveCfg = Release|Any CPU
		{5F48CB08-85A5-402F-8B98-F467FFB0B1CD}.PeleYoetz|x86.Build.0 = Release|Any CPU
		{5F48CB08-85A5-402F-8B98-F467FFB0B1CD}.Release|Any CPU.ActiveCfg = Release|Any CPU
		{5F48CB08-85A5-402F-8B98-F467FFB0B1CD}.Release|Any CPU.Build.0 = Release|Any CPU
		{5F48CB08-85A5-402F-8B98-F467FFB0B1CD}.Release|x64.ActiveCfg = Release|Any CPU
		{5F48CB08-85A5-402F-8B98-F467FFB0B1CD}.Release|x64.Build.0 = Release|Any CPU
		{5F48CB08-85A5-402F-8B98-F467FFB0B1CD}.Release|x86.ActiveCfg = Release|Any CPU
		{5F48CB08-85A5-402F-8B98-F467FFB0B1CD}.Release|x86.Build.0 = Release|Any CPU
		{BA71B391-AA71-4A5A-94E2-2CBCFE937AB3}.Debug|Any CPU.ActiveCfg = Debug|Any CPU
		{BA71B391-AA71-4A5A-94E2-2CBCFE937AB3}.Debug|Any CPU.Build.0 = Debug|Any CPU
		{BA71B391-AA71-4A5A-94E2-2CBCFE937AB3}.Debug|x64.ActiveCfg = Debug|Any CPU
		{BA71B391-AA71-4A5A-94E2-2CBCFE937AB3}.Debug|x64.Build.0 = Debug|Any CPU
		{BA71B391-AA71-4A5A-94E2-2CBCFE937AB3}.Debug|x86.ActiveCfg = Debug|Any CPU
		{BA71B391-AA71-4A5A-94E2-2CBCFE937AB3}.Debug|x86.Build.0 = Debug|Any CPU
		{BA71B391-AA71-4A5A-94E2-2CBCFE937AB3}.PeleYoetz|Any CPU.ActiveCfg = Release|Any CPU
		{BA71B391-AA71-4A5A-94E2-2CBCFE937AB3}.PeleYoetz|Any CPU.Build.0 = Release|Any CPU
		{BA71B391-AA71-4A5A-94E2-2CBCFE937AB3}.PeleYoetz|x64.ActiveCfg = Release|Any CPU
		{BA71B391-AA71-4A5A-94E2-2CBCFE937AB3}.PeleYoetz|x64.Build.0 = Release|Any CPU
		{BA71B391-AA71-4A5A-94E2-2CBCFE937AB3}.PeleYoetz|x86.ActiveCfg = Release|Any CPU
		{BA71B391-AA71-4A5A-94E2-2CBCFE937AB3}.PeleYoetz|x86.Build.0 = Release|Any CPU
		{BA71B391-AA71-4A5A-94E2-2CBCFE937AB3}.Release|Any CPU.ActiveCfg = Release|Any CPU
		{BA71B391-AA71-4A5A-94E2-2CBCFE937AB3}.Release|Any CPU.Build.0 = Release|Any CPU
		{BA71B391-AA71-4A5A-94E2-2CBCFE937AB3}.Release|x64.ActiveCfg = Release|Any CPU
		{BA71B391-AA71-4A5A-94E2-2CBCFE937AB3}.Release|x64.Build.0 = Release|Any CPU
		{BA71B391-AA71-4A5A-94E2-2CBCFE937AB3}.Release|x86.ActiveCfg = Release|Any CPU
		{BA71B391-AA71-4A5A-94E2-2CBCFE937AB3}.Release|x86.Build.0 = Release|Any CPU
		{A1D12D37-20D7-4A03-BFAB-34F786644275}.Debug|Any CPU.ActiveCfg = Debug|Any CPU
		{A1D12D37-20D7-4A03-BFAB-34F786644275}.Debug|Any CPU.Build.0 = Debug|Any CPU
		{A1D12D37-20D7-4A03-BFAB-34F786644275}.Debug|x64.ActiveCfg = Debug|Any CPU
		{A1D12D37-20D7-4A03-BFAB-34F786644275}.Debug|x64.Build.0 = Debug|Any CPU
		{A1D12D37-20D7-4A03-BFAB-34F786644275}.Debug|x86.ActiveCfg = Debug|Any CPU
		{A1D12D37-20D7-4A03-BFAB-34F786644275}.Debug|x86.Build.0 = Debug|Any CPU
		{A1D12D37-20D7-4A03-BFAB-34F786644275}.PeleYoetz|Any CPU.ActiveCfg = Release|Any CPU
		{A1D12D37-20D7-4A03-BFAB-34F786644275}.PeleYoetz|Any CPU.Build.0 = Release|Any CPU
		{A1D12D37-20D7-4A03-BFAB-34F786644275}.PeleYoetz|x64.ActiveCfg = Release|Any CPU
		{A1D12D37-20D7-4A03-BFAB-34F786644275}.PeleYoetz|x64.Build.0 = Release|Any CPU
		{A1D12D37-20D7-4A03-BFAB-34F786644275}.PeleYoetz|x86.ActiveCfg = Release|Any CPU
		{A1D12D37-20D7-4A03-BFAB-34F786644275}.PeleYoetz|x86.Build.0 = Release|Any CPU
		{A1D12D37-20D7-4A03-BFAB-34F786644275}.Release|Any CPU.ActiveCfg = Release|Any CPU
		{A1D12D37-20D7-4A03-BFAB-34F786644275}.Release|Any CPU.Build.0 = Release|Any CPU
		{A1D12D37-20D7-4A03-BFAB-34F786644275}.Release|x64.ActiveCfg = Release|Any CPU
		{A1D12D37-20D7-4A03-BFAB-34F786644275}.Release|x64.Build.0 = Release|Any CPU
		{A1D12D37-20D7-4A03-BFAB-34F786644275}.Release|x86.ActiveCfg = Release|Any CPU
		{A1D12D37-20D7-4A03-BFAB-34F786644275}.Release|x86.Build.0 = Release|Any CPU
		{E27304BB-BB53-4BAA-9FF5-DC930AC0EB4F}.Debug|Any CPU.ActiveCfg = Debug|Any CPU
		{E27304BB-BB53-4BAA-9FF5-DC930AC0EB4F}.Debug|Any CPU.Build.0 = Debug|Any CPU
		{E27304BB-BB53-4BAA-9FF5-DC930AC0EB4F}.Debug|x64.ActiveCfg = Debug|Any CPU
		{E27304BB-BB53-4BAA-9FF5-DC930AC0EB4F}.Debug|x64.Build.0 = Debug|Any CPU
		{E27304BB-BB53-4BAA-9FF5-DC930AC0EB4F}.Debug|x86.ActiveCfg = Debug|Any CPU
		{E27304BB-BB53-4BAA-9FF5-DC930AC0EB4F}.Debug|x86.Build.0 = Debug|Any CPU
		{E27304BB-BB53-4BAA-9FF5-DC930AC0EB4F}.PeleYoetz|Any CPU.ActiveCfg = Release|Any CPU
		{E27304BB-BB53-4BAA-9FF5-DC930AC0EB4F}.PeleYoetz|Any CPU.Build.0 = Release|Any CPU
		{E27304BB-BB53-4BAA-9FF5-DC930AC0EB4F}.PeleYoetz|x64.ActiveCfg = Release|Any CPU
		{E27304BB-BB53-4BAA-9FF5-DC930AC0EB4F}.PeleYoetz|x64.Build.0 = Release|Any CPU
		{E27304BB-BB53-4BAA-9FF5-DC930AC0EB4F}.PeleYoetz|x86.ActiveCfg = Release|Any CPU
		{E27304BB-BB53-4BAA-9FF5-DC930AC0EB4F}.PeleYoetz|x86.Build.0 = Release|Any CPU
		{E27304BB-BB53-4BAA-9FF5-DC930AC0EB4F}.Release|Any CPU.ActiveCfg = Release|Any CPU
		{E27304BB-BB53-4BAA-9FF5-DC930AC0EB4F}.Release|Any CPU.Build.0 = Release|Any CPU
		{E27304BB-BB53-4BAA-9FF5-DC930AC0EB4F}.Release|x64.ActiveCfg = Release|Any CPU
		{E27304BB-BB53-4BAA-9FF5-DC930AC0EB4F}.Release|x64.Build.0 = Release|Any CPU
		{E27304BB-BB53-4BAA-9FF5-DC930AC0EB4F}.Release|x86.ActiveCfg = Release|Any CPU
		{E27304BB-BB53-4BAA-9FF5-DC930AC0EB4F}.Release|x86.Build.0 = Release|Any CPU
		{FEC23661-D397-45FF-9A0B-1A891CAE80F9}.Debug|Any CPU.ActiveCfg = Debug|Any CPU
		{FEC23661-D397-45FF-9A0B-1A891CAE80F9}.Debug|Any CPU.Build.0 = Debug|Any CPU
		{FEC23661-D397-45FF-9A0B-1A891CAE80F9}.Debug|x64.ActiveCfg = Debug|Any CPU
		{FEC23661-D397-45FF-9A0B-1A891CAE80F9}.Debug|x64.Build.0 = Debug|Any CPU
		{FEC23661-D397-45FF-9A0B-1A891CAE80F9}.Debug|x86.ActiveCfg = Debug|Any CPU
		{FEC23661-D397-45FF-9A0B-1A891CAE80F9}.Debug|x86.Build.0 = Debug|Any CPU
		{FEC23661-D397-45FF-9A0B-1A891CAE80F9}.PeleYoetz|Any CPU.ActiveCfg = Release|Any CPU
		{FEC23661-D397-45FF-9A0B-1A891CAE80F9}.PeleYoetz|Any CPU.Build.0 = Release|Any CPU
		{FEC23661-D397-45FF-9A0B-1A891CAE80F9}.PeleYoetz|x64.ActiveCfg = Release|Any CPU
		{FEC23661-D397-45FF-9A0B-1A891CAE80F9}.PeleYoetz|x64.Build.0 = Release|Any CPU
		{FEC23661-D397-45FF-9A0B-1A891CAE80F9}.PeleYoetz|x86.ActiveCfg = Release|Any CPU
		{FEC23661-D397-45FF-9A0B-1A891CAE80F9}.PeleYoetz|x86.Build.0 = Release|Any CPU
		{FEC23661-D397-45FF-9A0B-1A891CAE80F9}.Release|Any CPU.ActiveCfg = Release|Any CPU
		{FEC23661-D397-45FF-9A0B-1A891CAE80F9}.Release|Any CPU.Build.0 = Release|Any CPU
		{FEC23661-D397-45FF-9A0B-1A891CAE80F9}.Release|x64.ActiveCfg = Release|Any CPU
		{FEC23661-D397-45FF-9A0B-1A891CAE80F9}.Release|x64.Build.0 = Release|Any CPU
		{FEC23661-D397-45FF-9A0B-1A891CAE80F9}.Release|x86.ActiveCfg = Release|Any CPU
		{FEC23661-D397-45FF-9A0B-1A891CAE80F9}.Release|x86.Build.0 = Release|Any CPU
		{B84B8E9A-6B20-4154-87AB-1108C90ACFB3}.Debug|Any CPU.ActiveCfg = Debug|Any CPU
		{B84B8E9A-6B20-4154-87AB-1108C90ACFB3}.Debug|Any CPU.Build.0 = Debug|Any CPU
		{B84B8E9A-6B20-4154-87AB-1108C90ACFB3}.Debug|x64.ActiveCfg = Debug|x64
		{B84B8E9A-6B20-4154-87AB-1108C90ACFB3}.Debug|x64.Build.0 = Debug|x64
		{B84B8E9A-6B20-4154-87AB-1108C90ACFB3}.Debug|x86.ActiveCfg = Debug|x86
		{B84B8E9A-6B20-4154-87AB-1108C90ACFB3}.Debug|x86.Build.0 = Debug|x86
		{B84B8E9A-6B20-4154-87AB-1108C90ACFB3}.PeleYoetz|Any CPU.ActiveCfg = Release|Any CPU
		{B84B8E9A-6B20-4154-87AB-1108C90ACFB3}.PeleYoetz|Any CPU.Build.0 = Release|Any CPU
		{B84B8E9A-6B20-4154-87AB-1108C90ACFB3}.PeleYoetz|x64.ActiveCfg = Release|x64
		{B84B8E9A-6B20-4154-87AB-1108C90ACFB3}.PeleYoetz|x64.Build.0 = Release|x64
		{B84B8E9A-6B20-4154-87AB-1108C90ACFB3}.PeleYoetz|x86.ActiveCfg = Release|x86
		{B84B8E9A-6B20-4154-87AB-1108C90ACFB3}.PeleYoetz|x86.Build.0 = Release|x86
		{B84B8E9A-6B20-4154-87AB-1108C90ACFB3}.Release|Any CPU.ActiveCfg = Release|Any CPU
		{B84B8E9A-6B20-4154-87AB-1108C90ACFB3}.Release|Any CPU.Build.0 = Release|Any CPU
		{B84B8E9A-6B20-4154-87AB-1108C90ACFB3}.Release|x64.ActiveCfg = Release|x64
		{B84B8E9A-6B20-4154-87AB-1108C90ACFB3}.Release|x64.Build.0 = Release|x64
		{B84B8E9A-6B20-4154-87AB-1108C90ACFB3}.Release|x86.ActiveCfg = Release|x86
		{B84B8E9A-6B20-4154-87AB-1108C90ACFB3}.Release|x86.Build.0 = Release|x86
		{A27D8942-2090-4378-A9FF-F3B0DBD10976}.Debug|Any CPU.ActiveCfg = Debug|Any CPU
		{A27D8942-2090-4378-A9FF-F3B0DBD10976}.Debug|Any CPU.Build.0 = Debug|Any CPU
		{A27D8942-2090-4378-A9FF-F3B0DBD10976}.Debug|x64.ActiveCfg = Debug|x64
		{A27D8942-2090-4378-A9FF-F3B0DBD10976}.Debug|x64.Build.0 = Debug|x64
		{A27D8942-2090-4378-A9FF-F3B0DBD10976}.Debug|x86.ActiveCfg = Debug|x86
		{A27D8942-2090-4378-A9FF-F3B0DBD10976}.Debug|x86.Build.0 = Debug|x86
		{A27D8942-2090-4378-A9FF-F3B0DBD10976}.PeleYoetz|Any CPU.ActiveCfg = PeleYoetz|Any CPU
		{A27D8942-2090-4378-A9FF-F3B0DBD10976}.PeleYoetz|Any CPU.Build.0 = PeleYoetz|Any CPU
		{A27D8942-2090-4378-A9FF-F3B0DBD10976}.PeleYoetz|x64.ActiveCfg = PeleYoetz|x64
		{A27D8942-2090-4378-A9FF-F3B0DBD10976}.PeleYoetz|x64.Build.0 = PeleYoetz|x64
		{A27D8942-2090-4378-A9FF-F3B0DBD10976}.PeleYoetz|x86.ActiveCfg = PeleYoetz|x86
		{A27D8942-2090-4378-A9FF-F3B0DBD10976}.PeleYoetz|x86.Build.0 = PeleYoetz|x86
		{A27D8942-2090-4378-A9FF-F3B0DBD10976}.Release|Any CPU.ActiveCfg = Release|Any CPU
		{A27D8942-2090-4378-A9FF-F3B0DBD10976}.Release|Any CPU.Build.0 = Release|Any CPU
		{A27D8942-2090-4378-A9FF-F3B0DBD10976}.Release|x64.ActiveCfg = Release|x64
		{A27D8942-2090-4378-A9FF-F3B0DBD10976}.Release|x64.Build.0 = Release|x64
		{A27D8942-2090-4378-A9FF-F3B0DBD10976}.Release|x86.ActiveCfg = Release|x86
		{A27D8942-2090-4378-A9FF-F3B0DBD10976}.Release|x86.Build.0 = Release|x86
		{7EF7E286-A216-444C-B5AD-924F40329F01}.Debug|Any CPU.ActiveCfg = Debug|Any CPU
		{7EF7E286-A216-444C-B5AD-924F40329F01}.Debug|Any CPU.Build.0 = Debug|Any CPU
		{7EF7E286-A216-444C-B5AD-924F40329F01}.Debug|x64.ActiveCfg = Debug|x64
		{7EF7E286-A216-444C-B5AD-924F40329F01}.Debug|x64.Build.0 = Debug|x64
		{7EF7E286-A216-444C-B5AD-924F40329F01}.Debug|x86.ActiveCfg = Debug|x86
		{7EF7E286-A216-444C-B5AD-924F40329F01}.Debug|x86.Build.0 = Debug|x86
		{7EF7E286-A216-444C-B5AD-924F40329F01}.PeleYoetz|Any CPU.ActiveCfg = Release|Any CPU
		{7EF7E286-A216-444C-B5AD-924F40329F01}.PeleYoetz|Any CPU.Build.0 = Release|Any CPU
		{7EF7E286-A216-444C-B5AD-924F40329F01}.PeleYoetz|x64.ActiveCfg = Release|x64
		{7EF7E286-A216-444C-B5AD-924F40329F01}.PeleYoetz|x64.Build.0 = Release|x64
		{7EF7E286-A216-444C-B5AD-924F40329F01}.PeleYoetz|x86.ActiveCfg = Release|x86
		{7EF7E286-A216-444C-B5AD-924F40329F01}.PeleYoetz|x86.Build.0 = Release|x86
		{7EF7E286-A216-444C-B5AD-924F40329F01}.Release|Any CPU.ActiveCfg = Release|Any CPU
		{7EF7E286-A216-444C-B5AD-924F40329F01}.Release|Any CPU.Build.0 = Release|Any CPU
		{7EF7E286-A216-444C-B5AD-924F40329F01}.Release|x64.ActiveCfg = Release|x64
		{7EF7E286-A216-444C-B5AD-924F40329F01}.Release|x64.Build.0 = Release|x64
		{7EF7E286-A216-444C-B5AD-924F40329F01}.Release|x86.ActiveCfg = Release|x86
		{7EF7E286-A216-444C-B5AD-924F40329F01}.Release|x86.Build.0 = Release|x86
		{E218325A-EC9A-482D-ADAD-4CDECEF4C64C}.Debug|Any CPU.ActiveCfg = Debug|Any CPU
		{E218325A-EC9A-482D-ADAD-4CDECEF4C64C}.Debug|Any CPU.Build.0 = Debug|Any CPU
		{E218325A-EC9A-482D-ADAD-4CDECEF4C64C}.Debug|x64.ActiveCfg = Debug|x64
		{E218325A-EC9A-482D-ADAD-4CDECEF4C64C}.Debug|x64.Build.0 = Debug|x64
		{E218325A-EC9A-482D-ADAD-4CDECEF4C64C}.Debug|x86.ActiveCfg = Debug|x86
		{E218325A-EC9A-482D-ADAD-4CDECEF4C64C}.Debug|x86.Build.0 = Debug|x86
		{E218325A-EC9A-482D-ADAD-4CDECEF4C64C}.PeleYoetz|Any CPU.ActiveCfg = Release|Any CPU
		{E218325A-EC9A-482D-ADAD-4CDECEF4C64C}.PeleYoetz|Any CPU.Build.0 = Release|Any CPU
		{E218325A-EC9A-482D-ADAD-4CDECEF4C64C}.PeleYoetz|x64.ActiveCfg = Release|x64
		{E218325A-EC9A-482D-ADAD-4CDECEF4C64C}.PeleYoetz|x64.Build.0 = Release|x64
		{E218325A-EC9A-482D-ADAD-4CDECEF4C64C}.PeleYoetz|x86.ActiveCfg = Release|x86
		{E218325A-EC9A-482D-ADAD-4CDECEF4C64C}.PeleYoetz|x86.Build.0 = Release|x86
		{E218325A-EC9A-482D-ADAD-4CDECEF4C64C}.Release|Any CPU.ActiveCfg = Release|Any CPU
		{E218325A-EC9A-482D-ADAD-4CDECEF4C64C}.Release|Any CPU.Build.0 = Release|Any CPU
		{E218325A-EC9A-482D-ADAD-4CDECEF4C64C}.Release|x64.ActiveCfg = Release|x64
		{E218325A-EC9A-482D-ADAD-4CDECEF4C64C}.Release|x64.Build.0 = Release|x64
		{E218325A-EC9A-482D-ADAD-4CDECEF4C64C}.Release|x86.ActiveCfg = Release|x86
		{E218325A-EC9A-482D-ADAD-4CDECEF4C64C}.Release|x86.Build.0 = Release|x86
	EndGlobalSection
	GlobalSection(SolutionProperties) = preSolution
		HideSolutionNode = FALSE
	EndGlobalSection
	GlobalSection(ExtensibilityGlobals) = postSolution
		SolutionGuid = {85B6C42D-80F6-4492-87D0-F7FD635BA0F1}
	EndGlobalSection
EndGlobal
